
Microsoft Visual Studio Solution File, Format Version 12.00
# Visual Studio 15
VisualStudioVersion = 15.0.25807.0
MinimumVisualStudioVersion = 10.0.40219.1
Project("{2150E333-8FDC-42A3-9474-1A3956D46DE8}") = "Engine", "Engine", "{83928F30-37EC-413D-9EEB-BAFEBD2C8EEA}"
EndProject
Project("{2150E333-8FDC-42A3-9474-1A3956D46DE8}") = "Games", "Games", "{C4922B47-D6F9-4633-BD72-08A10136E57A}"
EndProject
Project("{8BC9CEB8-8B4A-11D0-8D11-00A0C91BC942}") = "UE4", "Intermediate\ProjectFiles\UE4.vcxproj", "{C36E0407-E188-4E8E-B93C-79B548AAFBF4}"
EndProject
Project("{8BC9CEB8-8B4A-11D0-8D11-00A0C91BC942}") = "CShooter", "Intermediate\ProjectFiles\CShooter.vcxproj", "{CD621210-B214-47C4-A72C-743C0FE5778C}"
EndProject
Project("{2150E333-8FDC-42A3-9474-1A3956D46DE8}") = "Visualizers", "Visualizers", "{EA98079E-D806-4D7E-A511-81C23E1DE952}"
	ProjectSection(SolutionItems) = preProject
		..\..\Softwares\UE_4.21\Engine\Extras\VisualStudioDebugging\UE4.natvis = ..\..\Softwares\UE_4.21\Engine\Extras\VisualStudioDebugging\UE4.natvis
	EndProjectSection
EndProject
Global
	GlobalSection(SolutionConfigurationPlatforms) = preSolution
		DebugGame Editor|HTML5 = DebugGame Editor|HTML5
		DebugGame Editor|Win32 = DebugGame Editor|Win32
		DebugGame Editor|Win64 = DebugGame Editor|Win64
		DebugGame|HTML5 = DebugGame|HTML5
		DebugGame|Win32 = DebugGame|Win32
		DebugGame|Win64 = DebugGame|Win64
		Development Editor|HTML5 = Development Editor|HTML5
		Development Editor|Win32 = Development Editor|Win32
		Development Editor|Win64 = Development Editor|Win64
		Development|HTML5 = Development|HTML5
		Development|Win32 = Development|Win32
		Development|Win64 = Development|Win64
		Shipping|HTML5 = Shipping|HTML5
		Shipping|Win32 = Shipping|Win32
		Shipping|Win64 = Shipping|Win64
	EndGlobalSection
	GlobalSection(ProjectConfigurationPlatforms) = postSolution
		{C36E0407-E188-4E8E-B93C-79B548AAFBF4}.DebugGame Editor|HTML5.ActiveCfg = BuiltWithUnrealBuildTool|Win32
		{C36E0407-E188-4E8E-B93C-79B548AAFBF4}.DebugGame Editor|Win32.ActiveCfg = BuiltWithUnrealBuildTool|Win32
		{C36E0407-E188-4E8E-B93C-79B548AAFBF4}.DebugGame Editor|Win64.ActiveCfg = BuiltWithUnrealBuildTool|Win32
		{C36E0407-E188-4E8E-B93C-79B548AAFBF4}.DebugGame|HTML5.ActiveCfg = BuiltWithUnrealBuildTool|Win32
		{C36E0407-E188-4E8E-B93C-79B548AAFBF4}.DebugGame|Win32.ActiveCfg = BuiltWithUnrealBuildTool|Win32
		{C36E0407-E188-4E8E-B93C-79B548AAFBF4}.DebugGame|Win64.ActiveCfg = BuiltWithUnrealBuildTool|Win32
		{C36E0407-E188-4E8E-B93C-79B548AAFBF4}.Development Editor|HTML5.ActiveCfg = BuiltWithUnrealBuildTool|Win32
		{C36E0407-E188-4E8E-B93C-79B548AAFBF4}.Development Editor|Win32.ActiveCfg = BuiltWithUnrealBuildTool|Win32
		{C36E0407-E188-4E8E-B93C-79B548AAFBF4}.Development Editor|Win64.ActiveCfg = BuiltWithUnrealBuildTool|Win32
		{C36E0407-E188-4E8E-B93C-79B548AAFBF4}.Development|HTML5.ActiveCfg = BuiltWithUnrealBuildTool|Win32
		{C36E0407-E188-4E8E-B93C-79B548AAFBF4}.Development|Win32.ActiveCfg = BuiltWithUnrealBuildTool|Win32
		{C36E0407-E188-4E8E-B93C-79B548AAFBF4}.Development|Win64.ActiveCfg = BuiltWithUnrealBuildTool|Win32
		{C36E0407-E188-4E8E-B93C-79B548AAFBF4}.Shipping|HTML5.ActiveCfg = BuiltWithUnrealBuildTool|Win32
		{C36E0407-E188-4E8E-B93C-79B548AAFBF4}.Shipping|Win32.ActiveCfg = BuiltWithUnrealBuildTool|Win32
		{C36E0407-E188-4E8E-B93C-79B548AAFBF4}.Shipping|Win64.ActiveCfg = BuiltWithUnrealBuildTool|Win32
		{CD621210-B214-47C4-A72C-743C0FE5778C}.DebugGame Editor|HTML5.ActiveCfg = Invalid|Win32
		{CD621210-B214-47C4-A72C-743C0FE5778C}.DebugGame Editor|Win32.ActiveCfg = Invalid|Win32
		{CD621210-B214-47C4-A72C-743C0FE5778C}.DebugGame Editor|Win64.ActiveCfg = DebugGame_Editor|x64
		{CD621210-B214-47C4-A72C-743C0FE5778C}.DebugGame Editor|Win64.Build.0 = DebugGame_Editor|x64
		{CD621210-B214-47C4-A72C-743C0FE5778C}.DebugGame|HTML5.ActiveCfg = HTML5_DebugGame|Win32
		{CD621210-B214-47C4-A72C-743C0FE5778C}.DebugGame|HTML5.Build.0 = HTML5_DebugGame|Win32
		{CD621210-B214-47C4-A72C-743C0FE5778C}.DebugGame|Win32.ActiveCfg = DebugGame|Win32
		{CD621210-B214-47C4-A72C-743C0FE5778C}.DebugGame|Win32.Build.0 = DebugGame|Win32
		{CD621210-B214-47C4-A72C-743C0FE5778C}.DebugGame|Win64.ActiveCfg = DebugGame|x64
		{CD621210-B214-47C4-A72C-743C0FE5778C}.DebugGame|Win64.Build.0 = DebugGame|x64
		{CD621210-B214-47C4-A72C-743C0FE5778C}.Development Editor|HTML5.ActiveCfg = Invalid|Win32
		{CD621210-B214-47C4-A72C-743C0FE5778C}.Development Editor|Win32.ActiveCfg = Invalid|Win32
		{CD621210-B214-47C4-A72C-743C0FE5778C}.Development Editor|Win64.ActiveCfg = Development_Editor|x64
		{CD621210-B214-47C4-A72C-743C0FE5778C}.Development Editor|Win64.Build.0 = Development_Editor|x64
		{CD621210-B214-47C4-A72C-743C0FE5778C}.Development|HTML5.ActiveCfg = HTML5_Development|Win32
		{CD621210-B214-47C4-A72C-743C0FE5778C}.Development|HTML5.Build.0 = HTML5_Development|Win32
		{CD621210-B214-47C4-A72C-743C0FE5778C}.Development|Win32.ActiveCfg = Development|Win32
		{CD621210-B214-47C4-A72C-743C0FE5778C}.Development|Win32.Build.0 = Development|Win32
		{CD621210-B214-47C4-A72C-743C0FE5778C}.Development|Win64.ActiveCfg = Development|x64
		{CD621210-B214-47C4-A72C-743C0FE5778C}.Development|Win64.Build.0 = Development|x64
		{CD621210-B214-47C4-A72C-743C0FE5778C}.Shipping|HTML5.ActiveCfg = HTML5_Shipping|Win32
		{CD621210-B214-47C4-A72C-743C0FE5778C}.Shipping|HTML5.Build.0 = HTML5_Shipping|Win32
		{CD621210-B214-47C4-A72C-743C0FE5778C}.Shipping|Win32.ActiveCfg = Shipping|Win32
		{CD621210-B214-47C4-A72C-743C0FE5778C}.Shipping|Win32.Build.0 = Shipping|Win32
		{CD621210-B214-47C4-A72C-743C0FE5778C}.Shipping|Win64.ActiveCfg = Shipping|x64
		{CD621210-B214-47C4-A72C-743C0FE5778C}.Shipping|Win64.Build.0 = Shipping|x64
	EndGlobalSection
	GlobalSection(SolutionProperties) = preSolution
		HideSolutionNode = FALSE
	EndGlobalSection
	GlobalSection(NestedProjects) = preSolution
		{C36E0407-E188-4E8E-B93C-79B548AAFBF4} = {83928F30-37EC-413D-9EEB-BAFEBD2C8EEA}
		{CD621210-B214-47C4-A72C-743C0FE5778C} = {C4922B47-D6F9-4633-BD72-08A10136E57A}
	EndGlobalSection
EndGlobal
